
Microsoft Visual Studio Solution File, Format Version 12.00
# Visual Studio Version 16
VisualStudioVersion = 16.0.30621.155
MinimumVisualStudioVersion = 10.0.40219.1
Project("{FAE04EC0-301F-11D3-BF4B-00C04F79EFBC}") = "BestProjectEver", "BestProjectEver\BestProjectEver.csproj", "{86381AFE-1C76-4BE5-9D20-2F6D35F575DD}"
EndProject
Global
	GlobalSection(SolutionConfigurationPlatforms) = preSolution
		Debug|Any CPU = Debug|Any CPU
		Release|Any CPU = Release|Any CPU
	EndGlobalSection
	GlobalSection(ProjectConfigurationPlatforms) = postSolution
		{86381AFE-1C76-4BE5-9D20-2F6D35F575DD}.Debug|Any CPU.ActiveCfg = Debug|Any CPU
		{86381AFE-1C76-4BE5-9D20-2F6D35F575DD}.Debug|Any CPU.Build.0 = Debug|Any CPU
		{86381AFE-1C76-4BE5-9D20-2F6D35F575DD}.Release|Any CPU.ActiveCfg = Release|Any CPU
		{86381AFE-1C76-4BE5-9D20-2F6D35F575DD}.Release|Any CPU.Build.0 = Release|Any CPU
	EndGlobalSection
	GlobalSection(SolutionProperties) = preSolution
		HideSolutionNode = FALSE
	EndGlobalSection
	GlobalSection(ExtensibilityGlobals) = postSolution
		SolutionGuid = {5BE0C956-EB94-4E50-B4EC-0D3E23E85F6B}
	EndGlobalSection
EndGlobal
